
Microsoft Visual Studio Solution File, Format Version 12.00
# Visual Studio Version 16
VisualStudioVersion = 16.0.31729.503
MinimumVisualStudioVersion = 10.0.40219.1
Project("{FAE04EC0-301F-11D3-BF4B-00C04F79EFBC}") = "B.IPTimer", "B.IPTimer\B.IPTimer.csproj", "{858971E8-997A-456A-B98F-D0F8700638CE}"
EndProject
Global
	GlobalSection(SolutionConfigurationPlatforms) = preSolution
		Debug|Any CPU = Debug|Any CPU
		Release|Any CPU = Release|Any CPU
	EndGlobalSection
	GlobalSection(ProjectConfigurationPlatforms) = postSolution
		{858971E8-997A-456A-B98F-D0F8700638CE}.Debug|Any CPU.ActiveCfg = Debug|Any CPU
		{858971E8-997A-456A-B98F-D0F8700638CE}.Debug|Any CPU.Build.0 = Debug|Any CPU
		{858971E8-997A-456A-B98F-D0F8700638CE}.Release|Any CPU.ActiveCfg = Release|Any CPU
		{858971E8-997A-456A-B98F-D0F8700638CE}.Release|Any CPU.Build.0 = Release|Any CPU
	EndGlobalSection
	GlobalSection(SolutionProperties) = preSolution
		HideSolutionNode = FALSE
	EndGlobalSection
	GlobalSection(ExtensibilityGlobals) = postSolution
		SolutionGuid = {24281F1D-7991-4281-A276-39C3BC3EA606}
	EndGlobalSection
EndGlobal
